// !$*UTF8*$!
{
	archiveVersion = 1;
	classes = {
	};
	objectVersion = 46;
	objects = {

/* Begin PBXBuildFile section */
		09173AFE1F419854001CCA0C /* ToDoListItem .swift in Sources */ = {isa = PBXBuildFile; fileRef = 09173AFD1F419854001CCA0C /* ToDoListItem .swift */; };
		092124DC1F4752D900A9498D /* ItemDetailViewController.swift in Sources */ = {isa = PBXBuildFile; fileRef = 092124DB1F4752D900A9498D /* ItemDetailViewController.swift */; };
		0932BC9F1F3F03580049AA44 /* AppDelegate.swift in Sources */ = {isa = PBXBuildFile; fileRef = 0932BC9E1F3F03580049AA44 /* AppDelegate.swift */; };
		0932BCA11F3F03580049AA44 /* ToDoListViewController.swift in Sources */ = {isa = PBXBuildFile; fileRef = 0932BCA01F3F03580049AA44 /* ToDoListViewController.swift */; };
		0932BCA41F3F03580049AA44 /* Main.storyboard in Resources */ = {isa = PBXBuildFile; fileRef = 0932BCA21F3F03580049AA44 /* Main.storyboard */; };
		0932BCA61F3F03580049AA44 /* Assets.xcassets in Resources */ = {isa = PBXBuildFile; fileRef = 0932BCA51F3F03580049AA44 /* Assets.xcassets */; };
		0932BCA91F3F03580049AA44 /* LaunchScreen.storyboard in Resources */ = {isa = PBXBuildFile; fileRef = 0932BCA71F3F03580049AA44 /* LaunchScreen.storyboard */; };
		093D08651F619F8A0081C825 /* AllListViewControllerTableViewController.swift in Sources */ = {isa = PBXBuildFile; fileRef = 093D08641F619F8A0081C825 /* AllListViewControllerTableViewController.swift */; };
		093D08671F6355730081C825 /* ToDoList.swift in Sources */ = {isa = PBXBuildFile; fileRef = 093D08661F6355730081C825 /* ToDoList.swift */; };
/* End PBXBuildFile section */

/* Begin PBXFileReference section */
		09173AFD1F419854001CCA0C /* ToDoListItem .swift */ = {isa = PBXFileReference; fileEncoding = 4; lastKnownFileType = sourcecode.swift; path = "ToDoListItem .swift"; sourceTree = "<group>"; };
		092124DB1F4752D900A9498D /* ItemDetailViewController.swift */ = {isa = PBXFileReference; fileEncoding = 4; lastKnownFileType = sourcecode.swift; lineEnding = 0; path = ItemDetailViewController.swift; sourceTree = "<group>"; xcLanguageSpecificationIdentifier = xcode.lang.swift; };
		0932BC9B1F3F03580049AA44 /* ToDo.app */ = {isa = PBXFileReference; explicitFileType = wrapper.application; includeInIndex = 0; path = ToDo.app; sourceTree = BUILT_PRODUCTS_DIR; };
		0932BC9E1F3F03580049AA44 /* AppDelegate.swift */ = {isa = PBXFileReference; lastKnownFileType = sourcecode.swift; path = AppDelegate.swift; sourceTree = "<group>"; };
		0932BCA01F3F03580049AA44 /* ToDoListViewController.swift */ = {isa = PBXFileReference; lastKnownFileType = sourcecode.swift; path = ToDoListViewController.swift; sourceTree = "<group>"; };
		0932BCA31F3F03580049AA44 /* Base */ = {isa = PBXFileReference; lastKnownFileType = file.storyboard; name = Base; path = Base.lproj/Main.storyboard; sourceTree = "<group>"; };
		0932BCA51F3F03580049AA44 /* Assets.xcassets */ = {isa = PBXFileReference; lastKnownFileType = folder.assetcatalog; path = Assets.xcassets; sourceTree = "<group>"; };
		0932BCA81F3F03580049AA44 /* Base */ = {isa = PBXFileReference; lastKnownFileType = file.storyboard; name = Base; path = Base.lproj/LaunchScreen.storyboard; sourceTree = "<group>"; };
		0932BCAA1F3F03580049AA44 /* Info.plist */ = {isa = PBXFileReference; lastKnownFileType = text.plist.xml; path = Info.plist; sourceTree = "<group>"; };
		093D08641F619F8A0081C825 /* AllListViewControllerTableViewController.swift */ = {isa = PBXFileReference; fileEncoding = 4; lastKnownFileType = sourcecode.swift; path = AllListViewControllerTableViewController.swift; sourceTree = "<group>"; };
		093D08661F6355730081C825 /* ToDoList.swift */ = {isa = PBXFileReference; fileEncoding = 4; lastKnownFileType = sourcecode.swift; path = ToDoList.swift; sourceTree = "<group>"; };
/* End PBXFileReference section */

/* Begin PBXFrameworksBuildPhase section */
		0932BC981F3F03580049AA44 /* Frameworks */ = {
			isa = PBXFrameworksBuildPhase;
			buildActionMask = 2147483647;
			files = (
			);
			runOnlyForDeploymentPostprocessing = 0;
		};
/* End PBXFrameworksBuildPhase section */

/* Begin PBXGroup section */
		0932BC921F3F03580049AA44 = {
			isa = PBXGroup;
			children = (
				093D08641F619F8A0081C825 /* AllListViewControllerTableViewController.swift */,
				092124DB1F4752D900A9498D /* ItemDetailViewController.swift */,
				093D08661F6355730081C825 /* ToDoList.swift */,
				09173AFD1F419854001CCA0C /* ToDoListItem .swift */,
				0932BC9D1F3F03580049AA44 /* ToDo */,
				0932BC9C1F3F03580049AA44 /* Products */,
			);
			sourceTree = "<group>";
		};
		0932BC9C1F3F03580049AA44 /* Products */ = {
			isa = PBXGroup;
			children = (
				0932BC9B1F3F03580049AA44 /* ToDo.app */,
			);
			name = Products;
			sourceTree = "<group>";
		};
		0932BC9D1F3F03580049AA44 /* ToDo */ = {
			isa = PBXGroup;
			children = (
				0932BC9E1F3F03580049AA44 /* AppDelegate.swift */,
				0932BCA01F3F03580049AA44 /* ToDoListViewController.swift */,
				0932BCA21F3F03580049AA44 /* Main.storyboard */,
				0932BCA51F3F03580049AA44 /* Assets.xcassets */,
				0932BCA71F3F03580049AA44 /* LaunchScreen.storyboard */,
				0932BCAA1F3F03580049AA44 /* Info.plist */,
			);
			path = ToDo;
			sourceTree = "<group>";
		};
/* End PBXGroup section */

/* Begin PBXNativeTarget section */
		0932BC9A1F3F03580049AA44 /* ToDo */ = {
			isa = PBXNativeTarget;
			buildConfigurationList = 0932BCAD1F3F03580049AA44 /* Build configuration list for PBXNativeTarget "ToDo" */;
			buildPhases = (
				0932BC971F3F03580049AA44 /* Sources */,
				0932BC981F3F03580049AA44 /* Frameworks */,
				0932BC991F3F03580049AA44 /* Resources */,
			);
			buildRules = (
			);
			dependencies = (
			);
			name = ToDo;
			productName = ToDo;
			productReference = 0932BC9B1F3F03580049AA44 /* ToDo.app */;
			productType = "com.apple.product-type.application";
		};
/* End PBXNativeTarget section */

/* Begin PBXProject section */
		0932BC931F3F03580049AA44 /* Project object */ = {
			isa = PBXProject;
			attributes = {
				LastSwiftUpdateCheck = 0830;
				LastUpgradeCheck = 0900;
				ORGANIZATIONNAME = diagnosefiz;
				TargetAttributes = {
					0932BC9A1F3F03580049AA44 = {
						CreatedOnToolsVersion = 8.3.3;
						DevelopmentTeam = 8JT38EZRAJ;
						LastSwiftMigration = 0900;
						ProvisioningStyle = Automatic;
					};
				};
			};
			buildConfigurationList = 0932BC961F3F03580049AA44 /* Build configuration list for PBXProject "ToDo" */;
			compatibilityVersion = "Xcode 3.2";
			developmentRegion = English;
			hasScannedForEncodings = 0;
			knownRegions = (
				en,
				Base,
			);
			mainGroup = 0932BC921F3F03580049AA44;
			productRefGroup = 0932BC9C1F3F03580049AA44 /* Products */;
			projectDirPath = "";
			projectRoot = "";
			targets = (
				0932BC9A1F3F03580049AA44 /* ToDo */,
			);
		};
/* End PBXProject section */

/* Begin PBXResourcesBuildPhase section */
		0932BC991F3F03580049AA44 /* Resources */ = {
			isa = PBXResourcesBuildPhase;
			buildActionMask = 2147483647;
			files = (
				0932BCA91F3F03580049AA44 /* LaunchScreen.storyboard in Resources */,
				0932BCA61F3F03580049AA44 /* Assets.xcassets in Resources */,
				0932BCA41F3F03580049AA44 /* Main.storyboard in Resources */,
			);
			runOnlyForDeploymentPostprocessing = 0;
		};
/* End PBXResourcesBuildPhase section */

/* Begin PBXSourcesBuildPhase section */
		0932BC971F3F03580049AA44 /* Sources */ = {
			isa = PBXSourcesBuildPhase;
			buildActionMask = 2147483647;
			files = (
				0932BCA11F3F03580049AA44 /* ToDoListViewController.swift in Sources */,
				093D08671F6355730081C825 /* ToDoList.swift in Sources */,
				093D08651F619F8A0081C825 /* AllListViewControllerTableViewController.swift in Sources */,
				092124DC1F4752D900A9498D /* ItemDetailViewController.swift in Sources */,
				0932BC9F1F3F03580049AA44 /* AppDelegate.swift in Sources */,
				09173AFE1F419854001CCA0C /* ToDoListItem .swift in Sources */,
			);
			runOnlyForDeploymentPostprocessing = 0;
		};
/* End PBXSourcesBuildPhase section */

/* Begin PBXVariantGroup section */
		0932BCA21F3F03580049AA44 /* Main.storyboard */ = {
			isa = PBXVariantGroup;
			children = (
				0932BCA31F3F03580049AA44 /* Base */,
			);
			name = Main.storyboard;
			sourceTree = "<group>";
		};
		0932BCA71F3F03580049AA44 /* LaunchScreen.storyboard */ = {
			isa = PBXVariantGroup;
			children = (
				0932BCA81F3F03580049AA44 /* Base */,
			);
			name = LaunchScreen.storyboard;
			sourceTree = "<group>";
		};
/* End PBXVariantGroup section */

/* Begin XCBuildConfiguration section */
		0932BCAB1F3F03580049AA44 /* Debug */ = {
			isa = XCBuildConfiguration;
			buildSettings = {
				ALWAYS_SEARCH_USER_PATHS = NO;
				CLANG_ANALYZER_NONNULL = YES;
				CLANG_ANALYZER_NUMBER_OBJECT_CONVERSION = YES_AGGRESSIVE;
				CLANG_CXX_LANGUAGE_STANDARD = "gnu++0x";
				CLANG_CXX_LIBRARY = "libc++";
				CLANG_ENABLE_MODULES = YES;
				CLANG_ENABLE_OBJC_ARC = YES;
				CLANG_WARN_BLOCK_CAPTURE_AUTORELEASING = YES;
				CLANG_WARN_BOOL_CONVERSION = YES;
				CLANG_WARN_COMMA = YES;
				CLANG_WARN_CONSTANT_CONVERSION = YES;
				CLANG_WARN_DIRECT_OBJC_ISA_USAGE = YES_ERROR;
				CLANG_WARN_DOCUMENTATION_COMMENTS = YES;
				CLANG_WARN_EMPTY_BODY = YES;
				CLANG_WARN_ENUM_CONVERSION = YES;
				CLANG_WARN_INFINITE_RECURSION = YES;
				CLANG_WARN_INT_CONVERSION = YES;
				CLANG_WARN_NON_LITERAL_NULL_CONVERSION = YES;
				CLANG_WARN_OBJC_LITERAL_CONVERSION = YES;
				CLANG_WARN_OBJC_ROOT_CLASS = YES_ERROR;
				CLANG_WARN_RANGE_LOOP_ANALYSIS = YES;
				CLANG_WARN_STRICT_PROTOTYPES = YES;
				CLANG_WARN_SUSPICIOUS_MOVE = YES;
				CLANG_WARN_UNREACHABLE_CODE = YES;
				CLANG_WARN__DUPLICATE_METHOD_MATCH = YES;
				"CODE_SIGN_IDENTITY[sdk=iphoneos*]" = "iPhone Developer";
				COPY_PHASE_STRIP = NO;
				DEBUG_INFORMATION_FORMAT = dwarf;
				ENABLE_STRICT_OBJC_MSGSEND = YES;
				ENABLE_TESTABILITY = YES;
				GCC_C_LANGUAGE_STANDARD = gnu99;
				GCC_DYNAMIC_NO_PIC = NO;
				GCC_NO_COMMON_BLOCKS = YES;
				GCC_OPTIMIZATION_LEVEL = 0;
				GCC_PREPROCESSOR_DEFINITIONS = (
					"DEBUG=1",
					"$(inherited)",
				);
				GCC_WARN_64_TO_32_BIT_CONVERSION = YES;
				GCC_WARN_ABOUT_RETURN_TYPE = YES_ERROR;
				GCC_WARN_UNDECLARED_SELECTOR = YES;
				GCC_WARN_UNINITIALIZED_AUTOS = YES_AGGRESSIVE;
				GCC_WARN_UNUSED_FUNCTION = YES;
				GCC_WARN_UNUSED_VARIABLE = YES;
				IPHONEOS_DEPLOYMENT_TARGET = 10.3;
				MTL_ENABLE_DEBUG_INFO = YES;
				ONLY_ACTIVE_ARCH = YES;
				SDKROOT = iphoneos;
				SWIFT_ACTIVE_COMPILATION_CONDITIONS = DEBUG;
				SWIFT_OPTIMIZATION_LEVEL = "-Onone";
				TARGETED_DEVICE_FAMILY = "1,2";
			};
			name = Debug;
		};
		0932BCAC1F3F03580049AA44 /* Release */ = {
			isa = XCBuildConfiguration;
			buildSettings = {
				ALWAYS_SEARCH_USER_PATHS = NO;
				CLANG_ANALYZER_NONNULL = YES;
				CLANG_ANALYZER_NUMBER_OBJECT_CONVERSION = YES_AGGRESSIVE;
				CLANG_CXX_LANGUAGE_STANDARD = "gnu++0x";
				CLANG_CXX_LIBRARY = "libc++";
				CLANG_ENABLE_MODULES = YES;
				CLANG_ENABLE_OBJC_ARC = YES;
				CLANG_WARN_BLOCK_CAPTURE_AUTORELEASING = YES;
				CLANG_WARN_BOOL_CONVERSION = YES;
				CLANG_WARN_COMMA = YES;
				CLANG_WARN_CONSTANT_CONVERSION = YES;
				CLANG_WARN_DIRECT_OBJC_ISA_USAGE = YES_ERROR;
				CLANG_WARN_DOCUMENTATION_COMMENTS = YES;
				CLANG_WARN_EMPTY_BODY = YES;
				CLANG_WARN_ENUM_CONVERSION = YES;
				CLANG_WARN_INFINITE_RECURSION = YES;
				CLANG_WARN_INT_CONVERSION = YES;
				CLANG_WARN_NON_LITERAL_NULL_CONVERSION = YES;
				CLANG_WARN_OBJC_LITERAL_CONVERSION = YES;
				CLANG_WARN_OBJC_ROOT_CLASS = YES_ERROR;
				CLANG_WARN_RANGE_LOOP_ANALYSIS = YES;
				CLANG_WARN_STRICT_PROTOTYPES = YES;
				CLANG_WARN_SUSPICIOUS_MOVE = YES;
				CLANG_WARN_UNREACHABLE_CODE = YES;
				CLANG_WARN__DUPLICATE_METHOD_MATCH = YES;
				"CODE_SIGN_IDENTITY[sdk=iphoneos*]" = "iPhone Developer";
				COPY_PHASE_STRIP = NO;
				DEBUG_INFORMATION_FORMAT = "dwarf-with-dsym";
				ENABLE_NS_ASSERTIONS = NO;
				ENABLE_STRICT_OBJC_MSGSEND = YES;
				GCC_C_LANGUAGE_STANDARD = gnu99;
				GCC_NO_COMMON_BLOCKS = YES;
				GCC_WARN_64_TO_32_BIT_CONVERSION = YES;
				GCC_WARN_ABOUT_RETURN_TYPE = YES_ERROR;
				GCC_WARN_UNDECLARED_SELECTOR = YES;
				GCC_WARN_UNINITIALIZED_AUTOS = YES_AGGRESSIVE;
				GCC_WARN_UNUSED_FUNCTION = YES;
				GCC_WARN_UNUSED_VARIABLE = YES;
				IPHONEOS_DEPLOYMENT_TARGET = 10.3;
				MTL_ENABLE_DEBUG_INFO = NO;
				SDKROOT = iphoneos;
				SWIFT_OPTIMIZATION_LEVEL = "-Owholemodule";
				TARGETED_DEVICE_FAMILY = "1,2";
				VALIDATE_PRODUCT = YES;
			};
			name = Release;
		};
		0932BCAE1F3F03580049AA44 /* Debug */ = {
			isa = XCBuildConfiguration;
			buildSettings = {
				ASSETCATALOG_COMPILER_APPICON_NAME = AppIcon;
				DEVELOPMENT_TEAM = 8JT38EZRAJ;
				INFOPLIST_FILE = ToDo/Info.plist;
				LD_RUNPATH_SEARCH_PATHS = "$(inherited) @executable_path/Frameworks";
				PRODUCT_BUNDLE_IDENTIFIER = diagnosefiz.ToDo;
				PRODUCT_NAME = "$(TARGET_NAME)";
				SWIFT_SWIFT3_OBJC_INFERENCE = On;
				SWIFT_VERSION = 3.0;
			};
			name = Debug;
		};
		0932BCAF1F3F03580049AA44 /* Release */ = {
			isa = XCBuildConfiguration;
			buildSettings = {
				ASSETCATALOG_COMPILER_APPICON_NAME = AppIcon;
				DEVELOPMENT_TEAM = 8JT38EZRAJ;
				INFOPLIST_FILE = ToDo/Info.plist;
				LD_RUNPATH_SEARCH_PATHS = "$(inherited) @executable_path/Frameworks";
				PRODUCT_BUNDLE_IDENTIFIER = diagnosefiz.ToDo;
				PRODUCT_NAME = "$(TARGET_NAME)";
				SWIFT_SWIFT3_OBJC_INFERENCE = On;
				SWIFT_VERSION = 3.0;
			};
			name = Release;
		};
/* End XCBuildConfiguration section */

/* Begin XCConfigurationList section */
		0932BC961F3F03580049AA44 /* Build configuration list for PBXProject "ToDo" */ = {
			isa = XCConfigurationList;
			buildConfigurations = (
				0932BCAB1F3F03580049AA44 /* Debug */,
				0932BCAC1F3F03580049AA44 /* Release */,
			);
			defaultConfigurationIsVisible = 0;
			defaultConfigurationName = Release;
		};
		0932BCAD1F3F03580049AA44 /* Build configuration list for PBXNativeTarget "ToDo" */ = {
			isa = XCConfigurationList;
			buildConfigurations = (
				0932BCAE1F3F03580049AA44 /* Debug */,
				0932BCAF1F3F03580049AA44 /* Release */,
			);
			defaultConfigurationIsVisible = 0;
			defaultConfigurationName = Release;
		};
/* End XCConfigurationList section */
	};
	rootObject = 0932BC931F3F03580049AA44 /* Project object */;
}
