// !$*UTF8*$!
{
	archiveVersion = 1;
	classes = {
	};
	objectVersion = 46;
	objects = {

/* Begin PBXBuildFile section */
		092165401F49BBEA00F57090 /* AppDelegate.swift in Sources */ = {isa = PBXBuildFile; fileRef = 0921653F1F49BBEA00F57090 /* AppDelegate.swift */; };
		092165421F49BBEA00F57090 /* ViewController.swift in Sources */ = {isa = PBXBuildFile; fileRef = 092165411F49BBEA00F57090 /* ViewController.swift */; };
		092165451F49BBEA00F57090 /* Main.storyboard in Resources */ = {isa = PBXBuildFile; fileRef = 092165431F49BBEA00F57090 /* Main.storyboard */; };
		092165471F49BBEA00F57090 /* Assets.xcassets in Resources */ = {isa = PBXBuildFile; fileRef = 092165461F49BBEA00F57090 /* Assets.xcassets */; };
		0921654A1F49BBEA00F57090 /* LaunchScreen.storyboard in Resources */ = {isa = PBXBuildFile; fileRef = 092165481F49BBEA00F57090 /* LaunchScreen.storyboard */; };
		092165521F49BC5A00F57090 /* CameraViewController.swift in Sources */ = {isa = PBXBuildFile; fileRef = 092165511F49BC5A00F57090 /* CameraViewController.swift */; };
		BF3282F8F70A06D09018F807 /* Pods_Photo.framework in Frameworks */ = {isa = PBXBuildFile; fileRef = 2C82D45931465FE23DB1AEA9 /* Pods_Photo.framework */; };
/* End PBXBuildFile section */

/* Begin PBXFileReference section */
		0921653C1F49BBEA00F57090 /* Photo.app */ = {isa = PBXFileReference; explicitFileType = wrapper.application; includeInIndex = 0; path = Photo.app; sourceTree = BUILT_PRODUCTS_DIR; };
		0921653F1F49BBEA00F57090 /* AppDelegate.swift */ = {isa = PBXFileReference; lastKnownFileType = sourcecode.swift; path = AppDelegate.swift; sourceTree = "<group>"; };
		092165411F49BBEA00F57090 /* ViewController.swift */ = {isa = PBXFileReference; lastKnownFileType = sourcecode.swift; path = ViewController.swift; sourceTree = "<group>"; };
		092165441F49BBEA00F57090 /* Base */ = {isa = PBXFileReference; lastKnownFileType = file.storyboard; name = Base; path = Base.lproj/Main.storyboard; sourceTree = "<group>"; };
		092165461F49BBEA00F57090 /* Assets.xcassets */ = {isa = PBXFileReference; lastKnownFileType = folder.assetcatalog; path = Assets.xcassets; sourceTree = "<group>"; };
		092165491F49BBEA00F57090 /* Base */ = {isa = PBXFileReference; lastKnownFileType = file.storyboard; name = Base; path = Base.lproj/LaunchScreen.storyboard; sourceTree = "<group>"; };
		0921654B1F49BBEA00F57090 /* Info.plist */ = {isa = PBXFileReference; lastKnownFileType = text.plist.xml; path = Info.plist; sourceTree = "<group>"; };
		092165511F49BC5A00F57090 /* CameraViewController.swift */ = {isa = PBXFileReference; fileEncoding = 4; lastKnownFileType = sourcecode.swift; path = CameraViewController.swift; sourceTree = "<group>"; };
		2C82D45931465FE23DB1AEA9 /* Pods_Photo.framework */ = {isa = PBXFileReference; explicitFileType = wrapper.framework; includeInIndex = 0; path = Pods_Photo.framework; sourceTree = BUILT_PRODUCTS_DIR; };
		7D7860A1D89F88646F86AB19 /* Pods-Photo.debug.xcconfig */ = {isa = PBXFileReference; includeInIndex = 1; lastKnownFileType = text.xcconfig; name = "Pods-Photo.debug.xcconfig"; path = "Pods/Target Support Files/Pods-Photo/Pods-Photo.debug.xcconfig"; sourceTree = "<group>"; };
		D5F42E06F7E46D8E3556D09C /* Pods-Photo.release.xcconfig */ = {isa = PBXFileReference; includeInIndex = 1; lastKnownFileType = text.xcconfig; name = "Pods-Photo.release.xcconfig"; path = "Pods/Target Support Files/Pods-Photo/Pods-Photo.release.xcconfig"; sourceTree = "<group>"; };
/* End PBXFileReference section */

/* Begin PBXFrameworksBuildPhase section */
		092165391F49BBE900F57090 /* Frameworks */ = {
			isa = PBXFrameworksBuildPhase;
			buildActionMask = 2147483647;
			files = (
				BF3282F8F70A06D09018F807 /* Pods_Photo.framework in Frameworks */,
			);
			runOnlyForDeploymentPostprocessing = 0;
		};
/* End PBXFrameworksBuildPhase section */

/* Begin PBXGroup section */
		092165331F49BBE900F57090 = {
			isa = PBXGroup;
			children = (
				0921653E1F49BBEA00F57090 /* Photo */,
				0921653D1F49BBEA00F57090 /* Products */,
				2BA1606223FCEDF5DECE66A6 /* Pods */,
				0DEEDBB00138C6D4365D0DE5 /* Frameworks */,
			);
			sourceTree = "<group>";
		};
		0921653D1F49BBEA00F57090 /* Products */ = {
			isa = PBXGroup;
			children = (
				0921653C1F49BBEA00F57090 /* Photo.app */,
			);
			name = Products;
			sourceTree = "<group>";
		};
		0921653E1F49BBEA00F57090 /* Photo */ = {
			isa = PBXGroup;
			children = (
				0921653F1F49BBEA00F57090 /* AppDelegate.swift */,
				092165511F49BC5A00F57090 /* CameraViewController.swift */,
				092165411F49BBEA00F57090 /* ViewController.swift */,
				092165431F49BBEA00F57090 /* Main.storyboard */,
				092165461F49BBEA00F57090 /* Assets.xcassets */,
				092165481F49BBEA00F57090 /* LaunchScreen.storyboard */,
				0921654B1F49BBEA00F57090 /* Info.plist */,
			);
			path = Photo;
			sourceTree = "<group>";
		};
		0DEEDBB00138C6D4365D0DE5 /* Frameworks */ = {
			isa = PBXGroup;
			children = (
				2C82D45931465FE23DB1AEA9 /* Pods_Photo.framework */,
			);
			name = Frameworks;
			sourceTree = "<group>";
		};
		2BA1606223FCEDF5DECE66A6 /* Pods */ = {
			isa = PBXGroup;
			children = (
				7D7860A1D89F88646F86AB19 /* Pods-Photo.debug.xcconfig */,
				D5F42E06F7E46D8E3556D09C /* Pods-Photo.release.xcconfig */,
			);
			name = Pods;
			sourceTree = "<group>";
		};
/* End PBXGroup section */

/* Begin PBXNativeTarget section */
		0921653B1F49BBE900F57090 /* Photo */ = {
			isa = PBXNativeTarget;
			buildConfigurationList = 0921654E1F49BBEA00F57090 /* Build configuration list for PBXNativeTarget "Photo" */;
			buildPhases = (
				03AAC77B51B98DFCB2E3091F /* [CP] Check Pods Manifest.lock */,
				092165381F49BBE900F57090 /* Sources */,
				092165391F49BBE900F57090 /* Frameworks */,
				0921653A1F49BBE900F57090 /* Resources */,
				1A4967BDF6D0E976422C72CD /* [CP] Embed Pods Frameworks */,
				86ED1FA43C64B75C9A8C4680 /* [CP] Copy Pods Resources */,
			);
			buildRules = (
			);
			dependencies = (
			);
			name = Photo;
			productName = Photo;
			productReference = 0921653C1F49BBEA00F57090 /* Photo.app */;
			productType = "com.apple.product-type.application";
		};
/* End PBXNativeTarget section */

/* Begin PBXProject section */
		092165341F49BBE900F57090 /* Project object */ = {
			isa = PBXProject;
			attributes = {
				LastSwiftUpdateCheck = 0830;
				LastUpgradeCheck = 0830;
				ORGANIZATIONNAME = diagnosefiz;
				TargetAttributes = {
					0921653B1F49BBE900F57090 = {
						CreatedOnToolsVersion = 8.3.3;
						DevelopmentTeam = 8JT38EZRAJ;
						ProvisioningStyle = Automatic;
					};
				};
			};
			buildConfigurationList = 092165371F49BBE900F57090 /* Build configuration list for PBXProject "Photo" */;
			compatibilityVersion = "Xcode 3.2";
			developmentRegion = English;
			hasScannedForEncodings = 0;
			knownRegions = (
				en,
				Base,
			);
			mainGroup = 092165331F49BBE900F57090;
			productRefGroup = 0921653D1F49BBEA00F57090 /* Products */;
			projectDirPath = "";
			projectRoot = "";
			targets = (
				0921653B1F49BBE900F57090 /* Photo */,
			);
		};
/* End PBXProject section */

/* Begin PBXResourcesBuildPhase section */
		0921653A1F49BBE900F57090 /* Resources */ = {
			isa = PBXResourcesBuildPhase;
			buildActionMask = 2147483647;
			files = (
				0921654A1F49BBEA00F57090 /* LaunchScreen.storyboard in Resources */,
				092165471F49BBEA00F57090 /* Assets.xcassets in Resources */,
				092165451F49BBEA00F57090 /* Main.storyboard in Resources */,
			);
			runOnlyForDeploymentPostprocessing = 0;
		};
/* End PBXResourcesBuildPhase section */

/* Begin PBXShellScriptBuildPhase section */
		03AAC77B51B98DFCB2E3091F /* [CP] Check Pods Manifest.lock */ = {
			isa = PBXShellScriptBuildPhase;
			buildActionMask = 2147483647;
			files = (
			);
			inputPaths = (
				"${PODS_PODFILE_DIR_PATH}/Podfile.lock",
				"${PODS_ROOT}/Manifest.lock",
			);
			name = "[CP] Check Pods Manifest.lock";
			outputPaths = (
				"$(DERIVED_FILE_DIR)/Pods-Photo-checkManifestLockResult.txt",
			);
			runOnlyForDeploymentPostprocessing = 0;
			shellPath = /bin/sh;
			shellScript = "diff \"${PODS_PODFILE_DIR_PATH}/Podfile.lock\" \"${PODS_ROOT}/Manifest.lock\" > /dev/null\nif [ $? != 0 ] ; then\n    # print error to STDERR\n    echo \"error: The sandbox is not in sync with the Podfile.lock. Run 'pod install' or update your CocoaPods installation.\" >&2\n    exit 1\nfi\n# This output is used by Xcode 'outputs' to avoid re-running this script phase.\necho \"SUCCESS\" > \"${SCRIPT_OUTPUT_FILE_0}\"\n";
			showEnvVarsInLog = 0;
		};
		1A4967BDF6D0E976422C72CD /* [CP] Embed Pods Frameworks */ = {
			isa = PBXShellScriptBuildPhase;
			buildActionMask = 2147483647;
			files = (
			);
			inputPaths = (
				"${SRCROOT}/Pods/Target Support Files/Pods-Photo/Pods-Photo-frameworks.sh",
				"${BUILT_PRODUCTS_DIR}/SwiftyCam/SwiftyCam.framework",
			);
			name = "[CP] Embed Pods Frameworks";
			outputPaths = (
				"${TARGET_BUILD_DIR}/${FRAMEWORKS_FOLDER_PATH}/SwiftyCam.framework",
			);
			runOnlyForDeploymentPostprocessing = 0;
			shellPath = /bin/sh;
			shellScript = "\"${SRCROOT}/Pods/Target Support Files/Pods-Photo/Pods-Photo-frameworks.sh\"\n";
			showEnvVarsInLog = 0;
		};
		86ED1FA43C64B75C9A8C4680 /* [CP] Copy Pods Resources */ = {
			isa = PBXShellScriptBuildPhase;
			buildActionMask = 2147483647;
			files = (
			);
			inputPaths = (
			);
			name = "[CP] Copy Pods Resources";
			outputPaths = (
			);
			runOnlyForDeploymentPostprocessing = 0;
			shellPath = /bin/sh;
			shellScript = "\"${SRCROOT}/Pods/Target Support Files/Pods-Photo/Pods-Photo-resources.sh\"\n";
			showEnvVarsInLog = 0;
		};
/* End PBXShellScriptBuildPhase section */

/* Begin PBXSourcesBuildPhase section */
		092165381F49BBE900F57090 /* Sources */ = {
			isa = PBXSourcesBuildPhase;
			buildActionMask = 2147483647;
			files = (
				092165421F49BBEA00F57090 /* ViewController.swift in Sources */,
				092165401F49BBEA00F57090 /* AppDelegate.swift in Sources */,
				092165521F49BC5A00F57090 /* CameraViewController.swift in Sources */,
			);
			runOnlyForDeploymentPostprocessing = 0;
		};
/* End PBXSourcesBuildPhase section */

/* Begin PBXVariantGroup section */
		092165431F49BBEA00F57090 /* Main.storyboard */ = {
			isa = PBXVariantGroup;
			children = (
				092165441F49BBEA00F57090 /* Base */,
			);
			name = Main.storyboard;
			sourceTree = "<group>";
		};
		092165481F49BBEA00F57090 /* LaunchScreen.storyboard */ = {
			isa = PBXVariantGroup;
			children = (
				092165491F49BBEA00F57090 /* Base */,
			);
			name = LaunchScreen.storyboard;
			sourceTree = "<group>";
		};
/* End PBXVariantGroup section */

/* Begin XCBuildConfiguration section */
		0921654C1F49BBEA00F57090 /* Debug */ = {
			isa = XCBuildConfiguration;
			buildSettings = {
				ALWAYS_SEARCH_USER_PATHS = NO;
				CLANG_ANALYZER_NONNULL = YES;
				CLANG_ANALYZER_NUMBER_OBJECT_CONVERSION = YES_AGGRESSIVE;
				CLANG_CXX_LANGUAGE_STANDARD = "gnu++0x";
				CLANG_CXX_LIBRARY = "libc++";
				CLANG_ENABLE_MODULES = YES;
				CLANG_ENABLE_OBJC_ARC = YES;
				CLANG_WARN_BOOL_CONVERSION = YES;
				CLANG_WARN_CONSTANT_CONVERSION = YES;
				CLANG_WARN_DIRECT_OBJC_ISA_USAGE = YES_ERROR;
				CLANG_WARN_DOCUMENTATION_COMMENTS = YES;
				CLANG_WARN_EMPTY_BODY = YES;
				CLANG_WARN_ENUM_CONVERSION = YES;
				CLANG_WARN_INFINITE_RECURSION = YES;
				CLANG_WARN_INT_CONVERSION = YES;
				CLANG_WARN_OBJC_ROOT_CLASS = YES_ERROR;
				CLANG_WARN_SUSPICIOUS_MOVE = YES;
				CLANG_WARN_UNREACHABLE_CODE = YES;
				CLANG_WARN__DUPLICATE_METHOD_MATCH = YES;
				"CODE_SIGN_IDENTITY[sdk=iphoneos*]" = "iPhone Developer";
				COPY_PHASE_STRIP = NO;
				DEBUG_INFORMATION_FORMAT = dwarf;
				ENABLE_STRICT_OBJC_MSGSEND = YES;
				ENABLE_TESTABILITY = YES;
				GCC_C_LANGUAGE_STANDARD = gnu99;
				GCC_DYNAMIC_NO_PIC = NO;
				GCC_NO_COMMON_BLOCKS = YES;
				GCC_OPTIMIZATION_LEVEL = 0;
				GCC_PREPROCESSOR_DEFINITIONS = (
					"DEBUG=1",
					"$(inherited)",
				);
				GCC_WARN_64_TO_32_BIT_CONVERSION = YES;
				GCC_WARN_ABOUT_RETURN_TYPE = YES_ERROR;
				GCC_WARN_UNDECLARED_SELECTOR = YES;
				GCC_WARN_UNINITIALIZED_AUTOS = YES_AGGRESSIVE;
				GCC_WARN_UNUSED_FUNCTION = YES;
				GCC_WARN_UNUSED_VARIABLE = YES;
				IPHONEOS_DEPLOYMENT_TARGET = 10.3;
				MTL_ENABLE_DEBUG_INFO = YES;
				ONLY_ACTIVE_ARCH = YES;
				SDKROOT = iphoneos;
				SWIFT_ACTIVE_COMPILATION_CONDITIONS = DEBUG;
				SWIFT_OPTIMIZATION_LEVEL = "-Onone";
				TARGETED_DEVICE_FAMILY = "1,2";
			};
			name = Debug;
		};
		0921654D1F49BBEA00F57090 /* Release */ = {
			isa = XCBuildConfiguration;
			buildSettings = {
				ALWAYS_SEARCH_USER_PATHS = NO;
				CLANG_ANALYZER_NONNULL = YES;
				CLANG_ANALYZER_NUMBER_OBJECT_CONVERSION = YES_AGGRESSIVE;
				CLANG_CXX_LANGUAGE_STANDARD = "gnu++0x";
				CLANG_CXX_LIBRARY = "libc++";
				CLANG_ENABLE_MODULES = YES;
				CLANG_ENABLE_OBJC_ARC = YES;
				CLANG_WARN_BOOL_CONVERSION = YES;
				CLANG_WARN_CONSTANT_CONVERSION = YES;
				CLANG_WARN_DIRECT_OBJC_ISA_USAGE = YES_ERROR;
				CLANG_WARN_DOCUMENTATION_COMMENTS = YES;
				CLANG_WARN_EMPTY_BODY = YES;
				CLANG_WARN_ENUM_CONVERSION = YES;
				CLANG_WARN_INFINITE_RECURSION = YES;
				CLANG_WARN_INT_CONVERSION = YES;
				CLANG_WARN_OBJC_ROOT_CLASS = YES_ERROR;
				CLANG_WARN_SUSPICIOUS_MOVE = YES;
				CLANG_WARN_UNREACHABLE_CODE = YES;
				CLANG_WARN__DUPLICATE_METHOD_MATCH = YES;
				"CODE_SIGN_IDENTITY[sdk=iphoneos*]" = "iPhone Developer";
				COPY_PHASE_STRIP = NO;
				DEBUG_INFORMATION_FORMAT = "dwarf-with-dsym";
				ENABLE_NS_ASSERTIONS = NO;
				ENABLE_STRICT_OBJC_MSGSEND = YES;
				GCC_C_LANGUAGE_STANDARD = gnu99;
				GCC_NO_COMMON_BLOCKS = YES;
				GCC_WARN_64_TO_32_BIT_CONVERSION = YES;
				GCC_WARN_ABOUT_RETURN_TYPE = YES_ERROR;
				GCC_WARN_UNDECLARED_SELECTOR = YES;
				GCC_WARN_UNINITIALIZED_AUTOS = YES_AGGRESSIVE;
				GCC_WARN_UNUSED_FUNCTION = YES;
				GCC_WARN_UNUSED_VARIABLE = YES;
				IPHONEOS_DEPLOYMENT_TARGET = 10.3;
				MTL_ENABLE_DEBUG_INFO = NO;
				SDKROOT = iphoneos;
				SWIFT_OPTIMIZATION_LEVEL = "-Owholemodule";
				TARGETED_DEVICE_FAMILY = "1,2";
				VALIDATE_PRODUCT = YES;
			};
			name = Release;
		};
		0921654F1F49BBEA00F57090 /* Debug */ = {
			isa = XCBuildConfiguration;
			baseConfigurationReference = 7D7860A1D89F88646F86AB19 /* Pods-Photo.debug.xcconfig */;
			buildSettings = {
				ASSETCATALOG_COMPILER_APPICON_NAME = AppIcon;
				DEVELOPMENT_TEAM = 8JT38EZRAJ;
				INFOPLIST_FILE = Photo/Info.plist;
				LD_RUNPATH_SEARCH_PATHS = "$(inherited) @executable_path/Frameworks";
				PRODUCT_BUNDLE_IDENTIFIER = diagnosefiz.Photo;
				PRODUCT_NAME = "$(TARGET_NAME)";
				SWIFT_VERSION = 3.0;
			};
			name = Debug;
		};
		092165501F49BBEA00F57090 /* Release */ = {
			isa = XCBuildConfiguration;
			baseConfigurationReference = D5F42E06F7E46D8E3556D09C /* Pods-Photo.release.xcconfig */;
			buildSettings = {
				ASSETCATALOG_COMPILER_APPICON_NAME = AppIcon;
				DEVELOPMENT_TEAM = 8JT38EZRAJ;
				INFOPLIST_FILE = Photo/Info.plist;
				LD_RUNPATH_SEARCH_PATHS = "$(inherited) @executable_path/Frameworks";
				PRODUCT_BUNDLE_IDENTIFIER = diagnosefiz.Photo;
				PRODUCT_NAME = "$(TARGET_NAME)";
				SWIFT_VERSION = 3.0;
			};
			name = Release;
		};
/* End XCBuildConfiguration section */

/* Begin XCConfigurationList section */
		092165371F49BBE900F57090 /* Build configuration list for PBXProject "Photo" */ = {
			isa = XCConfigurationList;
			buildConfigurations = (
				0921654C1F49BBEA00F57090 /* Debug */,
				0921654D1F49BBEA00F57090 /* Release */,
			);
			defaultConfigurationIsVisible = 0;
			defaultConfigurationName = Release;
		};
		0921654E1F49BBEA00F57090 /* Build configuration list for PBXNativeTarget "Photo" */ = {
			isa = XCConfigurationList;
			buildConfigurations = (
				0921654F1F49BBEA00F57090 /* Debug */,
				092165501F49BBEA00F57090 /* Release */,
			);
			defaultConfigurationIsVisible = 0;
			defaultConfigurationName = Release;
		};
/* End XCConfigurationList section */
	};
	rootObject = 092165341F49BBE900F57090 /* Project object */;
}
