// !$*UTF8*$!
{
	archiveVersion = 1;
	classes = {
	};
	objectVersion = 46;
	objects = {

/* Begin PBXBuildFile section */
		09299F611F34661000480CA3 /* PostDataModel.xcdatamodeld in Sources */ = {isa = PBXBuildFile; fileRef = 09299F5F1F34661000480CA3 /* PostDataModel.xcdatamodeld */; };
		171158DE1F24022B008BE4C8 /* AppDelegate.swift in Sources */ = {isa = PBXBuildFile; fileRef = 171158DD1F24022B008BE4C8 /* AppDelegate.swift */; };
		171158E01F24022B008BE4C8 /* ViewController.swift in Sources */ = {isa = PBXBuildFile; fileRef = 171158DF1F24022B008BE4C8 /* ViewController.swift */; };
		171158E31F24022B008BE4C8 /* Main.storyboard in Resources */ = {isa = PBXBuildFile; fileRef = 171158E11F24022B008BE4C8 /* Main.storyboard */; };
		171158E51F24022B008BE4C8 /* Assets.xcassets in Resources */ = {isa = PBXBuildFile; fileRef = 171158E41F24022B008BE4C8 /* Assets.xcassets */; };
		171158E81F24022B008BE4C8 /* LaunchScreen.storyboard in Resources */ = {isa = PBXBuildFile; fileRef = 171158E61F24022B008BE4C8 /* LaunchScreen.storyboard */; };
		178815841F24B97200372B8B /* UserPost.swift in Sources */ = {isa = PBXBuildFile; fileRef = 178815831F24B97200372B8B /* UserPost.swift */; };
/* End PBXBuildFile section */

/* Begin PBXFileReference section */
		09299F601F34661000480CA3 /* PostDataModel.xcdatamodel */ = {isa = PBXFileReference; lastKnownFileType = wrapper.xcdatamodel; path = PostDataModel.xcdatamodel; sourceTree = "<group>"; };
		171158DA1F24022B008BE4C8 /* Lecture10_Networking_Animation.app */ = {isa = PBXFileReference; explicitFileType = wrapper.application; includeInIndex = 0; path = Lecture10_Networking_Animation.app; sourceTree = BUILT_PRODUCTS_DIR; };
		171158DD1F24022B008BE4C8 /* AppDelegate.swift */ = {isa = PBXFileReference; lastKnownFileType = sourcecode.swift; path = AppDelegate.swift; sourceTree = "<group>"; };
		171158DF1F24022B008BE4C8 /* ViewController.swift */ = {isa = PBXFileReference; lastKnownFileType = sourcecode.swift; path = ViewController.swift; sourceTree = "<group>"; };
		171158E21F24022B008BE4C8 /* Base */ = {isa = PBXFileReference; lastKnownFileType = file.storyboard; name = Base; path = Base.lproj/Main.storyboard; sourceTree = "<group>"; };
		171158E41F24022B008BE4C8 /* Assets.xcassets */ = {isa = PBXFileReference; lastKnownFileType = folder.assetcatalog; path = Assets.xcassets; sourceTree = "<group>"; };
		171158E71F24022B008BE4C8 /* Base */ = {isa = PBXFileReference; lastKnownFileType = file.storyboard; name = Base; path = Base.lproj/LaunchScreen.storyboard; sourceTree = "<group>"; };
		171158E91F24022B008BE4C8 /* Info.plist */ = {isa = PBXFileReference; lastKnownFileType = text.plist.xml; path = Info.plist; sourceTree = "<group>"; };
		178815831F24B97200372B8B /* UserPost.swift */ = {isa = PBXFileReference; fileEncoding = 4; lastKnownFileType = sourcecode.swift; path = UserPost.swift; sourceTree = "<group>"; };
/* End PBXFileReference section */

/* Begin PBXFrameworksBuildPhase section */
		171158D71F24022B008BE4C8 /* Frameworks */ = {
			isa = PBXFrameworksBuildPhase;
			buildActionMask = 2147483647;
			files = (
			);
			runOnlyForDeploymentPostprocessing = 0;
		};
/* End PBXFrameworksBuildPhase section */

/* Begin PBXGroup section */
		171158D11F24022B008BE4C8 = {
			isa = PBXGroup;
			children = (
				171158DC1F24022B008BE4C8 /* Lecture10_Networking_Animation */,
				171158DB1F24022B008BE4C8 /* Products */,
			);
			sourceTree = "<group>";
		};
		171158DB1F24022B008BE4C8 /* Products */ = {
			isa = PBXGroup;
			children = (
				171158DA1F24022B008BE4C8 /* Lecture10_Networking_Animation.app */,
			);
			name = Products;
			sourceTree = "<group>";
		};
		171158DC1F24022B008BE4C8 /* Lecture10_Networking_Animation */ = {
			isa = PBXGroup;
			children = (
				171158DD1F24022B008BE4C8 /* AppDelegate.swift */,
				171158DF1F24022B008BE4C8 /* ViewController.swift */,
				09299F5F1F34661000480CA3 /* PostDataModel.xcdatamodeld */,
				171158E11F24022B008BE4C8 /* Main.storyboard */,
				171158E41F24022B008BE4C8 /* Assets.xcassets */,
				171158E61F24022B008BE4C8 /* LaunchScreen.storyboard */,
				171158E91F24022B008BE4C8 /* Info.plist */,
				178815831F24B97200372B8B /* UserPost.swift */,
			);
			path = Lecture10_Networking_Animation;
			sourceTree = "<group>";
		};
/* End PBXGroup section */

/* Begin PBXNativeTarget section */
		171158D91F24022B008BE4C8 /* Lecture10_Networking_Animation */ = {
			isa = PBXNativeTarget;
			buildConfigurationList = 171158EC1F24022B008BE4C8 /* Build configuration list for PBXNativeTarget "Lecture10_Networking_Animation" */;
			buildPhases = (
				171158D61F24022B008BE4C8 /* Sources */,
				171158D71F24022B008BE4C8 /* Frameworks */,
				171158D81F24022B008BE4C8 /* Resources */,
			);
			buildRules = (
			);
			dependencies = (
			);
			name = Lecture10_Networking_Animation;
			productName = Lecture10_Networking_Animation;
			productReference = 171158DA1F24022B008BE4C8 /* Lecture10_Networking_Animation.app */;
			productType = "com.apple.product-type.application";
		};
/* End PBXNativeTarget section */

/* Begin PBXProject section */
		171158D21F24022B008BE4C8 /* Project object */ = {
			isa = PBXProject;
			attributes = {
				LastSwiftUpdateCheck = 0830;
				LastUpgradeCheck = 0830;
				ORGANIZATIONNAME = bws2007;
				TargetAttributes = {
					171158D91F24022B008BE4C8 = {
						CreatedOnToolsVersion = 8.3.3;
						ProvisioningStyle = Automatic;
					};
				};
			};
			buildConfigurationList = 171158D51F24022B008BE4C8 /* Build configuration list for PBXProject "Lecture10_Networking_Animation" */;
			compatibilityVersion = "Xcode 3.2";
			developmentRegion = English;
			hasScannedForEncodings = 0;
			knownRegions = (
				en,
				Base,
			);
			mainGroup = 171158D11F24022B008BE4C8;
			productRefGroup = 171158DB1F24022B008BE4C8 /* Products */;
			projectDirPath = "";
			projectRoot = "";
			targets = (
				171158D91F24022B008BE4C8 /* Lecture10_Networking_Animation */,
			);
		};
/* End PBXProject section */

/* Begin PBXResourcesBuildPhase section */
		171158D81F24022B008BE4C8 /* Resources */ = {
			isa = PBXResourcesBuildPhase;
			buildActionMask = 2147483647;
			files = (
				171158E81F24022B008BE4C8 /* LaunchScreen.storyboard in Resources */,
				171158E51F24022B008BE4C8 /* Assets.xcassets in Resources */,
				171158E31F24022B008BE4C8 /* Main.storyboard in Resources */,
			);
			runOnlyForDeploymentPostprocessing = 0;
		};
/* End PBXResourcesBuildPhase section */

/* Begin PBXSourcesBuildPhase section */
		171158D61F24022B008BE4C8 /* Sources */ = {
			isa = PBXSourcesBuildPhase;
			buildActionMask = 2147483647;
			files = (
				171158E01F24022B008BE4C8 /* ViewController.swift in Sources */,
				178815841F24B97200372B8B /* UserPost.swift in Sources */,
				171158DE1F24022B008BE4C8 /* AppDelegate.swift in Sources */,
				09299F611F34661000480CA3 /* PostDataModel.xcdatamodeld in Sources */,
			);
			runOnlyForDeploymentPostprocessing = 0;
		};
/* End PBXSourcesBuildPhase section */

/* Begin PBXVariantGroup section */
		171158E11F24022B008BE4C8 /* Main.storyboard */ = {
			isa = PBXVariantGroup;
			children = (
				171158E21F24022B008BE4C8 /* Base */,
			);
			name = Main.storyboard;
			sourceTree = "<group>";
		};
		171158E61F24022B008BE4C8 /* LaunchScreen.storyboard */ = {
			isa = PBXVariantGroup;
			children = (
				171158E71F24022B008BE4C8 /* Base */,
			);
			name = LaunchScreen.storyboard;
			sourceTree = "<group>";
		};
/* End PBXVariantGroup section */

/* Begin XCBuildConfiguration section */
		171158EA1F24022B008BE4C8 /* Debug */ = {
			isa = XCBuildConfiguration;
			buildSettings = {
				ALWAYS_SEARCH_USER_PATHS = NO;
				CLANG_ANALYZER_NONNULL = YES;
				CLANG_ANALYZER_NUMBER_OBJECT_CONVERSION = YES_AGGRESSIVE;
				CLANG_CXX_LANGUAGE_STANDARD = "gnu++0x";
				CLANG_CXX_LIBRARY = "libc++";
				CLANG_ENABLE_MODULES = YES;
				CLANG_ENABLE_OBJC_ARC = YES;
				CLANG_WARN_BOOL_CONVERSION = YES;
				CLANG_WARN_CONSTANT_CONVERSION = YES;
				CLANG_WARN_DIRECT_OBJC_ISA_USAGE = YES_ERROR;
				CLANG_WARN_DOCUMENTATION_COMMENTS = YES;
				CLANG_WARN_EMPTY_BODY = YES;
				CLANG_WARN_ENUM_CONVERSION = YES;
				CLANG_WARN_INFINITE_RECURSION = YES;
				CLANG_WARN_INT_CONVERSION = YES;
				CLANG_WARN_OBJC_ROOT_CLASS = YES_ERROR;
				CLANG_WARN_SUSPICIOUS_MOVE = YES;
				CLANG_WARN_UNREACHABLE_CODE = YES;
				CLANG_WARN__DUPLICATE_METHOD_MATCH = YES;
				"CODE_SIGN_IDENTITY[sdk=iphoneos*]" = "iPhone Developer";
				COPY_PHASE_STRIP = NO;
				DEBUG_INFORMATION_FORMAT = dwarf;
				ENABLE_STRICT_OBJC_MSGSEND = YES;
				ENABLE_TESTABILITY = YES;
				GCC_C_LANGUAGE_STANDARD = gnu99;
				GCC_DYNAMIC_NO_PIC = NO;
				GCC_NO_COMMON_BLOCKS = YES;
				GCC_OPTIMIZATION_LEVEL = 0;
				GCC_PREPROCESSOR_DEFINITIONS = (
					"DEBUG=1",
					"$(inherited)",
				);
				GCC_WARN_64_TO_32_BIT_CONVERSION = YES;
				GCC_WARN_ABOUT_RETURN_TYPE = YES_ERROR;
				GCC_WARN_UNDECLARED_SELECTOR = YES;
				GCC_WARN_UNINITIALIZED_AUTOS = YES_AGGRESSIVE;
				GCC_WARN_UNUSED_FUNCTION = YES;
				GCC_WARN_UNUSED_VARIABLE = YES;
				IPHONEOS_DEPLOYMENT_TARGET = 10.3;
				MTL_ENABLE_DEBUG_INFO = YES;
				ONLY_ACTIVE_ARCH = YES;
				SDKROOT = iphoneos;
				SWIFT_ACTIVE_COMPILATION_CONDITIONS = DEBUG;
				SWIFT_OPTIMIZATION_LEVEL = "-Onone";
			};
			name = Debug;
		};
		171158EB1F24022B008BE4C8 /* Release */ = {
			isa = XCBuildConfiguration;
			buildSettings = {
				ALWAYS_SEARCH_USER_PATHS = NO;
				CLANG_ANALYZER_NONNULL = YES;
				CLANG_ANALYZER_NUMBER_OBJECT_CONVERSION = YES_AGGRESSIVE;
				CLANG_CXX_LANGUAGE_STANDARD = "gnu++0x";
				CLANG_CXX_LIBRARY = "libc++";
				CLANG_ENABLE_MODULES = YES;
				CLANG_ENABLE_OBJC_ARC = YES;
				CLANG_WARN_BOOL_CONVERSION = YES;
				CLANG_WARN_CONSTANT_CONVERSION = YES;
				CLANG_WARN_DIRECT_OBJC_ISA_USAGE = YES_ERROR;
				CLANG_WARN_DOCUMENTATION_COMMENTS = YES;
				CLANG_WARN_EMPTY_BODY = YES;
				CLANG_WARN_ENUM_CONVERSION = YES;
				CLANG_WARN_INFINITE_RECURSION = YES;
				CLANG_WARN_INT_CONVERSION = YES;
				CLANG_WARN_OBJC_ROOT_CLASS = YES_ERROR;
				CLANG_WARN_SUSPICIOUS_MOVE = YES;
				CLANG_WARN_UNREACHABLE_CODE = YES;
				CLANG_WARN__DUPLICATE_METHOD_MATCH = YES;
				"CODE_SIGN_IDENTITY[sdk=iphoneos*]" = "iPhone Developer";
				COPY_PHASE_STRIP = NO;
				DEBUG_INFORMATION_FORMAT = "dwarf-with-dsym";
				ENABLE_NS_ASSERTIONS = NO;
				ENABLE_STRICT_OBJC_MSGSEND = YES;
				GCC_C_LANGUAGE_STANDARD = gnu99;
				GCC_NO_COMMON_BLOCKS = YES;
				GCC_WARN_64_TO_32_BIT_CONVERSION = YES;
				GCC_WARN_ABOUT_RETURN_TYPE = YES_ERROR;
				GCC_WARN_UNDECLARED_SELECTOR = YES;
				GCC_WARN_UNINITIALIZED_AUTOS = YES_AGGRESSIVE;
				GCC_WARN_UNUSED_FUNCTION = YES;
				GCC_WARN_UNUSED_VARIABLE = YES;
				IPHONEOS_DEPLOYMENT_TARGET = 10.3;
				MTL_ENABLE_DEBUG_INFO = NO;
				SDKROOT = iphoneos;
				SWIFT_OPTIMIZATION_LEVEL = "-Owholemodule";
				VALIDATE_PRODUCT = YES;
			};
			name = Release;
		};
		171158ED1F24022B008BE4C8 /* Debug */ = {
			isa = XCBuildConfiguration;
			buildSettings = {
				ASSETCATALOG_COMPILER_APPICON_NAME = AppIcon;
				INFOPLIST_FILE = Lecture10_Networking_Animation/Info.plist;
				LD_RUNPATH_SEARCH_PATHS = "$(inherited) @executable_path/Frameworks";
				PRODUCT_BUNDLE_IDENTIFIER = "bws2007.Lecture10-Networking-Animation";
				PRODUCT_NAME = "$(TARGET_NAME)";
				SWIFT_VERSION = 3.0;
			};
			name = Debug;
		};
		171158EE1F24022B008BE4C8 /* Release */ = {
			isa = XCBuildConfiguration;
			buildSettings = {
				ASSETCATALOG_COMPILER_APPICON_NAME = AppIcon;
				INFOPLIST_FILE = Lecture10_Networking_Animation/Info.plist;
				LD_RUNPATH_SEARCH_PATHS = "$(inherited) @executable_path/Frameworks";
				PRODUCT_BUNDLE_IDENTIFIER = "bws2007.Lecture10-Networking-Animation";
				PRODUCT_NAME = "$(TARGET_NAME)";
				SWIFT_VERSION = 3.0;
			};
			name = Release;
		};
/* End XCBuildConfiguration section */

/* Begin XCConfigurationList section */
		171158D51F24022B008BE4C8 /* Build configuration list for PBXProject "Lecture10_Networking_Animation" */ = {
			isa = XCConfigurationList;
			buildConfigurations = (
				171158EA1F24022B008BE4C8 /* Debug */,
				171158EB1F24022B008BE4C8 /* Release */,
			);
			defaultConfigurationIsVisible = 0;
			defaultConfigurationName = Release;
		};
		171158EC1F24022B008BE4C8 /* Build configuration list for PBXNativeTarget "Lecture10_Networking_Animation" */ = {
			isa = XCConfigurationList;
			buildConfigurations = (
				171158ED1F24022B008BE4C8 /* Debug */,
				171158EE1F24022B008BE4C8 /* Release */,
			);
			defaultConfigurationIsVisible = 0;
			defaultConfigurationName = Release;
		};
/* End XCConfigurationList section */

/* Begin XCVersionGroup section */
		09299F5F1F34661000480CA3 /* PostDataModel.xcdatamodeld */ = {
			isa = XCVersionGroup;
			children = (
				09299F601F34661000480CA3 /* PostDataModel.xcdatamodel */,
			);
			currentVersion = 09299F601F34661000480CA3 /* PostDataModel.xcdatamodel */;
			path = PostDataModel.xcdatamodeld;
			sourceTree = "<group>";
			versionGroupType = wrapper.xcdatamodel;
		};
/* End XCVersionGroup section */
	};
	rootObject = 171158D21F24022B008BE4C8 /* Project object */;
}
